{
  "name": "clock",
  "version": "1.0.0",
  "lockfileVersion": 2,
  "requires": true,
  "packages": {
    "": {
      "name": "clock",
      "version": "1.0.0",
      "license": "ISC",
      "dependencies": {
        "jquery": "^2.1.4",
        "mustache": "^2.2.1",
        "underscore": "^1.8.3"
      },
      "devDependencies": {}
    },
    "node_modules/jquery": {
      "version": "2.2.4",
      "resolved": "https://registry.npmjs.org/jquery/-/jquery-2.2.4.tgz",
      "integrity": "sha1-LInWiJterFIqfuoywUUhVZxsvwI="
    },
    "node_modules/mustache": {
      "version": "2.3.2",
      "resolved": "https://registry.npmjs.org/mustache/-/mustache-2.3.2.tgz",
      "integrity": "sha512-KpMNwdQsYz3O/SBS1qJ/o3sqUJ5wSb8gb0pul8CO0S56b9Y2ALm8zCfsjPXsqGFfoNBkDwZuZIAjhsZI03gYVQ==",
      "bin": {
        "mustache": "bin/mustache"
      },
      "engines": {
        "npm": ">=1.4.0"
      }
    },
    "node_modules/underscore": {
      "version": "1.13.3",
      "resolved": "https://registry.npmjs.org/underscore/-/underscore-1.13.3.tgz",
      "integrity": "sha512-QvjkYpiD+dJJraRA8+dGAU4i7aBbb2s0S3jA45TFOvg2VgqvdCDd/3N6CqA8gluk1W91GLoXg5enMUx560QzuA=="
    }
  },
  "dependencies": {
    "jquery": {
      "version": "2.2.4",
      "resolved": "https://registry.npmjs.org/jquery/-/jquery-2.2.4.tgz",
      "integrity": "sha1-LInWiJterFIqfuoywUUhVZxsvwI="
    },
    "mustache": {
      "version": "2.3.2",
      "resolved": "https://registry.npmjs.org/mustache/-/mustache-2.3.2.tgz",
      "integrity": "sha512-KpMNwdQsYz3O/SBS1qJ/o3sqUJ5wSb8gb0pul8CO0S56b9Y2ALm8zCfsjPXsqGFfoNBkDwZuZIAjhsZI03gYVQ=="
    },
    "underscore": {
      "version": "1.13.3",
      "resolved": "https://registry.npmjs.org/underscore/-/underscore-1.13.3.tgz",
      "integrity": "sha512-QvjkYpiD+dJJraRA8+dGAU4i7aBbb2s0S3jA45TFOvg2VgqvdCDd/3N6CqA8gluk1W91GLoXg5enMUx560QzuA=="
    }
  }
}
